
Microsoft Visual Studio Solution File, Format Version 12.00
# Visual Studio Version 16
VisualStudioVersion = 16.0.29324.140
MinimumVisualStudioVersion = 10.0.40219.1
Project("{8BC9CEB8-8B4A-11D0-8D11-00A0C91BC942}") = "Project 3", "Project 3.vcxproj", "{FADF3AF3-F859-4FA8-8036-2AF106241F85}"
EndProject
Global
	GlobalSection(SolutionConfigurationPlatforms) = preSolution
		Debug|x64 = Debug|x64
		Debug|x86 = Debug|x86
		Release|x64 = Release|x64
		Release|x86 = Release|x86
	EndGlobalSection
	GlobalSection(ProjectConfigurationPlatforms) = postSolution
		{FADF3AF3-F859-4FA8-8036-2AF106241F85}.Debug|x64.ActiveCfg = Debug|x64
		{FADF3AF3-F859-4FA8-8036-2AF106241F85}.Debug|x64.Build.0 = Debug|x64
		{FADF3AF3-F859-4FA8-8036-2AF106241F85}.Debug|x86.ActiveCfg = Debug|Win32
		{FADF3AF3-F859-4FA8-8036-2AF106241F85}.Debug|x86.Build.0 = Debug|Win32
		{FADF3AF3-F859-4FA8-8036-2AF106241F85}.Release|x64.ActiveCfg = Release|x64
		{FADF3AF3-F859-4FA8-8036-2AF106241F85}.Release|x64.Build.0 = Release|x64
		{FADF3AF3-F859-4FA8-8036-2AF106241F85}.Release|x86.ActiveCfg = Release|Win32
		{FADF3AF3-F859-4FA8-8036-2AF106241F85}.Release|x86.Build.0 = Release|Win32
	EndGlobalSection
	GlobalSection(SolutionProperties) = preSolution
		HideSolutionNode = FALSE
	EndGlobalSection
	GlobalSection(ExtensibilityGlobals) = postSolution
		SolutionGuid = {ED2AF2AA-6E64-45B6-A2BC-86F8128C9482}
	EndGlobalSection
EndGlobal
